{
  "version": 4,
  "terraform_version": "1.2.6",
  "serial": 7,
  "lineage": "0973583a-5f65-a0c0-49ab-d345d89d4754",
  "outputs": {
    "kubernetes_cluster_host": {
      "value": "34.90.139.250",
      "type": "string"
    },
    "kubernetes_cluster_name": {
      "value": "pras-1213-gke-primary",
      "type": "string"
    }
  },
  "resources": [
    {
      "mode": "managed",
      "type": "google_container_cluster",
      "name": "primary",
      "provider": "provider[\"registry.terraform.io/hashicorp/google\"]",
      "instances": [
        {
          "schema_version": 1,
          "attributes": {
            "addons_config": [
              {
                "cloudrun_config": [],
                "horizontal_pod_autoscaling": [],
                "http_load_balancing": [],
                "network_policy_config": [
                  {
                    "disabled": true
                  }
                ]
              }
            ],
            "authenticator_groups_config": [],
            "cluster_autoscaling": [
              {
                "auto_provisioning_defaults": [
                  {
                    "oauth_scopes": [
                      "https://www.googleapis.com/auth/devstorage.read_only",
                      "https://www.googleapis.com/auth/logging.write",
                      "https://www.googleapis.com/auth/monitoring",
                      "https://www.googleapis.com/auth/service.management.readonly",
                      "https://www.googleapis.com/auth/servicecontrol",
                      "https://www.googleapis.com/auth/trace.append"
                    ],
                    "service_account": "default"
                  }
                ],
                "enabled": true,
                "resource_limits": [
                  {
                    "maximum": 1000000000,
                    "minimum": 0,
                    "resource_type": "cpu"
                  },
                  {
                    "maximum": 1000000000,
                    "minimum": 0,
                    "resource_type": "memory"
                  },
                  {
                    "maximum": 1000000000,
                    "minimum": 0,
                    "resource_type": "nvidia-tesla-t4"
                  },
                  {
                    "maximum": 1000000000,
                    "minimum": 0,
                    "resource_type": "nvidia-tesla-a100"
                  }
                ]
              }
            ],
            "cluster_ipv4_cidr": "10.89.128.0/17",
            "database_encryption": [
              {
                "key_name": "",
                "state": "DECRYPTED"
              }
            ],
            "datapath_provider": "",
            "default_max_pods_per_node": 110,
            "default_snat_status": [
              {
                "disabled": false
              }
            ],
            "description": "",
            "enable_autopilot": true,
            "enable_binary_authorization": false,
            "enable_intranode_visibility": true,
            "enable_kubernetes_alpha": false,
            "enable_legacy_abac": false,
            "enable_shielded_nodes": true,
            "enable_tpu": false,
            "endpoint": "34.90.139.250",
            "id": "projects/pras-1213/locations/europe-west4/clusters/pras-1213-gke-primary",
            "initial_node_count": 0,
            "instance_group_urls": [],
            "ip_allocation_policy": [
              {
                "cluster_ipv4_cidr_block": "10.89.128.0/17",
                "cluster_secondary_range_name": "gke-pras-1213-gke-primary-pods-333e6848",
                "services_ipv4_cidr_block": "10.90.0.0/22",
                "services_secondary_range_name": "gke-pras-1213-gke-primary-services-333e6848"
              }
            ],
            "label_fingerprint": "a9dc16a7",
            "location": "europe-west4",
            "logging_service": "logging.googleapis.com/kubernetes",
            "maintenance_policy": [],
            "master_auth": [
              {
                "client_certificate": "",
                "client_certificate_config": [
                  {
                    "issue_client_certificate": false
                  }
                ],
                "client_key": "",
                "cluster_ca_certificate": "LS0tLS1CRUdJTiBDRVJUSUZJQ0FURS0tLS0tCk1JSUVMRENDQXBTZ0F3SUJBZ0lRVkJkWkxqeFdrMHJHYUIvUWszY3Z1REFOQmdrcWhraUc5dzBCQVFzRkFEQXYKTVMwd0t3WURWUVFERXlSaE1EVXdZbVZoT0MweE4yTmlMVFF3WkRBdFlUQmtPUzAzWW1VMk5XSmtPRGRqTURndwpJQmNOTWpJd09ESTBNVE14TlRNd1doZ1BNakExTWpBNE1UWXhOREUxTXpCYU1DOHhMVEFyQmdOVkJBTVRKR0V3Ck5UQmlaV0U0TFRFM1kySXROREJrTUMxaE1HUTVMVGRpWlRZMVltUTROMk13T0RDQ0FhSXdEUVlKS29aSWh2Y04KQVFFQkJRQURnZ0dQQURDQ0FZb0NnZ0dCQUxtcUY3NmZGY3FHWFZoQm5iLytUVm9xSE9hQzVWQUFZeEpIN2taUQpzUzR0dUVEdk5pTnEvd1k5dXpmbXFrVjRpVlFZekNZMFVPdDJNb0dNYkNxKzBESlBWRHpzVDM0c2JkZVN3bXFpCkw4dDUweUJWSVo4M0tkQ0RyNU4yVnJHV3lGRnRvcTc3Wjk5TnB6TCtaNXc1SGpyR1hyZ084Vzd5NUVha01iMlgKanMvNmxNVnVtMFY4ZVBUNVlYNWJFZG9ZMEZ2a3VUUmgzUm5sSjE5RDBUWGcrVDVkYVYwa2FYbnFXM0JJNFp2QgpuRkowczM5U3dtczdaU1JkeHZTZ0N6MW1UU25EVnI5d1VJZXp3eGFBSWFxRlZhTzlWQUNSdXdRZkRsUFVpSU5vCi9mUUZjWnRDVzVmK2pHc1h0TjlwMm02SVlUMURvRWFmUUJSK0NObjBRdGY5WnljbFVydnJBVENBK0xLeE9hNVgKdHZWMGFjRjRza2hDdzl6NnRXbE1RaUZ5cnQ1UldTV0Jsa1JEQTFqM0NnYW1SZzdPUzJPQmhLOUJFR2JZQmkyNgpJZGZsMkhXa25aTDM2OGkwNGlEMDV2YjI5YXc3VG5zMlNmelRGUlJ6allVMXY1Y1VoOExTMHUvbDZDSlF4RllYCjZLNkRwV3dGMVlJQzN6bHNtaTNLR0x2cGRRSURBUUFCbzBJd1FEQU9CZ05WSFE4QkFmOEVCQU1DQWdRd0R3WUQKVlIwVEFRSC9CQVV3QXdFQi96QWRCZ05WSFE0RUZnUVVKL01WR3J1Q3U5OXFMcjRyY2NSZ3pMZENBeDh3RFFZSgpLb1pJaHZjTkFRRUxCUUFEZ2dHQkFGYXpxd3BaNm9jd3V3cTIyaGt6ZEFsek9QTFJuNkh6WXJXRnJLK0J6T2hTClBOaUNDaDFsVTdVamlURkRVK1dYYXZPbVEwaFQzT2hiOVNGOFJhZ1NEZitwaU5KUzlZQkpIU01lM3NoZnNyMVQKUnBsbjBMcldqL2JvWWdLZ0RRUmpva0lNdjE1T0s2VlBXQjNmK0hoQ013TXN2MW1WRkZWdEEyOVBIOG13UVJFNgpyYlhZWkdJVGNVem1iY2hJcWowTFdCNkxrMldVZWp0UGRjbWFCNjlRdE1hOERidEpwYkJxTlJhaVNmVnVENm9rCkJVMnkrUFp3WTFPL3JoTjNSbjlWWWFmTTduWGZNQkh3b0tiaXhtWm0yT3UwTktVTXZnRkVjbVhjMUgyMC9mVlAKNzVFK3RIcWlLR2M5bkVQYlNqQkE4c0dRemZwL1NOWFVOU3VxWG04OGYvZmpGMUgrRTNxMDNRZXZMVW9XUVorZQovQ0ZBWnNvYlN2VDYvMFU1SWk0RzZiK091RUxwSDIrVmI1WDFGU1BkVkwzeml6WWRrZWJZWTl3d3JMS3VuUHovCmxselpaQk9Xei8xRk1IblA1TzRBTS9XNkF5b0NWZHd0cDRpc3FKaktSdzNCV3Myanl3bVdmTkVrcHNjbmlJZFcKSnkwdkJkd1liN3F0U0YxS2hrNE5ZZz09Ci0tLS0tRU5EIENFUlRJRklDQVRFLS0tLS0K",
                "password": "",
                "username": ""
              }
            ],
            "master_authorized_networks_config": [],
            "master_version": "1.21.12-gke.2200",
            "min_master_version": null,
            "monitoring_service": "monitoring.googleapis.com/kubernetes",
            "name": "pras-1213-gke-primary",
            "network": "projects/pras-1213/global/networks/pras-1213-vpc",
            "network_policy": [
              {
                "enabled": false,
                "provider": "PROVIDER_UNSPECIFIED"
              }
            ],
            "networking_mode": "VPC_NATIVE",
            "node_config": [
              {
                "disk_size_gb": 100,
                "disk_type": "pd-standard",
                "guest_accelerator": [],
                "image_type": "COS_CONTAINERD",
                "labels": {},
                "local_ssd_count": 0,
                "machine_type": "e2-medium",
                "metadata": {
                  "disable-legacy-endpoints": "true"
                },
                "min_cpu_platform": "",
                "oauth_scopes": [
                  "https://www.googleapis.com/auth/devstorage.read_only",
                  "https://www.googleapis.com/auth/logging.write",
                  "https://www.googleapis.com/auth/monitoring",
                  "https://www.googleapis.com/auth/service.management.readonly",
                  "https://www.googleapis.com/auth/servicecontrol",
                  "https://www.googleapis.com/auth/trace.append"
                ],
                "preemptible": false,
                "service_account": "default",
                "shielded_instance_config": [
                  {
                    "enable_integrity_monitoring": true,
                    "enable_secure_boot": true
                  }
                ],
                "tags": [],
                "taint": [],
                "workload_metadata_config": [
                  {
                    "node_metadata": "GKE_METADATA_SERVER"
                  }
                ]
              }
            ],
            "node_locations": [
              "europe-west4-a",
              "europe-west4-b"
            ],
            "node_pool": [
              {
                "autoscaling": [
                  {
                    "max_node_count": 1000,
                    "min_node_count": 0
                  }
                ],
                "initial_node_count": 1,
                "instance_group_urls": [],
                "management": [
                  {
                    "auto_repair": true,
                    "auto_upgrade": true
                  }
                ],
                "max_pods_per_node": 32,
                "name": "default-pool",
                "name_prefix": "",
                "node_config": [
                  {
                    "disk_size_gb": 100,
                    "disk_type": "pd-standard",
                    "guest_accelerator": [],
                    "image_type": "COS_CONTAINERD",
                    "labels": {},
                    "local_ssd_count": 0,
                    "machine_type": "e2-medium",
                    "metadata": {
                      "disable-legacy-endpoints": "true"
                    },
                    "min_cpu_platform": "",
                    "oauth_scopes": [
                      "https://www.googleapis.com/auth/devstorage.read_only",
                      "https://www.googleapis.com/auth/logging.write",
                      "https://www.googleapis.com/auth/monitoring",
                      "https://www.googleapis.com/auth/service.management.readonly",
                      "https://www.googleapis.com/auth/servicecontrol",
                      "https://www.googleapis.com/auth/trace.append"
                    ],
                    "preemptible": false,
                    "service_account": "default",
                    "shielded_instance_config": [
                      {
                        "enable_integrity_monitoring": true,
                        "enable_secure_boot": true
                      }
                    ],
                    "tags": [],
                    "taint": [],
                    "workload_metadata_config": [
                      {
                        "node_metadata": "GKE_METADATA_SERVER"
                      }
                    ]
                  }
                ],
                "node_count": 0,
                "node_locations": [
                  "europe-west4-a",
                  "europe-west4-b"
                ],
                "upgrade_settings": [
                  {
                    "max_surge": 1,
                    "max_unavailable": 0
                  }
                ],
                "version": "1.21.12-gke.2200"
              }
            ],
            "node_version": "1.21.12-gke.2200",
            "operation": null,
            "pod_security_policy_config": [],
            "private_cluster_config": [],
            "private_ipv6_google_access": "",
            "project": "pras-1213",
            "release_channel": [
              {
                "channel": "STABLE"
              }
            ],
            "remove_default_node_pool": null,
            "resource_labels": null,
            "resource_usage_export_config": [],
            "self_link": "https://container.googleapis.com/v1beta1/projects/pras-1213/locations/europe-west4/clusters/pras-1213-gke-primary",
            "services_ipv4_cidr": "10.90.0.0/22",
            "subnetwork": "projects/pras-1213/regions/europe-west4/subnetworks/pras-1213-pri-subnet",
            "timeouts": null,
            "tpu_ipv4_cidr_block": "",
            "vertical_pod_autoscaling": [
              {
                "enabled": true
              }
            ],
            "workload_identity_config": [
              {
                "identity_namespace": "pras-1213.svc.id.goog"
              }
            ]
          },
          "sensitive_attributes": [],
          "private": "eyJlMmJmYjczMC1lY2FhLTExZTYtOGY4OC0zNDM2M2JjN2M0YzAiOnsiY3JlYXRlIjoyNDAwMDAwMDAwMDAwLCJkZWxldGUiOjI0MDAwMDAwMDAwMDAsInJlYWQiOjI0MDAwMDAwMDAwMDAsInVwZGF0ZSI6MzYwMDAwMDAwMDAwMH0sInNjaGVtYV92ZXJzaW9uIjoiMSJ9"
        }
      ]
    }
  ]
}
