{
  "version": 4,
  "terraform_version": "1.1.9",
  "serial": 10,
  "lineage": "a70e2cd2-dc93-f041-353f-d62b7784b51d",
  "outputs": {},
  "resources": [
    {
      "mode": "managed",
      "type": "google_container_cluster",
      "name": "gke-1",
      "provider": "provider[\"registry.terraform.io/hashicorp/google\"]",
      "instances": [
        {
          "schema_version": 1,
          "attributes": {
            "addons_config": [
              {
                "cloudrun_config": [],
                "gcp_filestore_csi_driver_config": [],
                "horizontal_pod_autoscaling": [],
                "http_load_balancing": [],
                "network_policy_config": [
                  {
                    "disabled": true
                  }
                ]
              }
            ],
            "authenticator_groups_config": [],
            "cluster_autoscaling": [
              {
                "auto_provisioning_defaults": [],
                "enabled": false,
                "resource_limits": []
              }
            ],
            "cluster_ipv4_cidr": "10.24.0.0/14",
            "confidential_nodes": [],
            "database_encryption": [
              {
                "key_name": "",
                "state": "DECRYPTED"
              }
            ],
            "datapath_provider": "",
            "default_max_pods_per_node": null,
            "default_snat_status": [
              {
                "disabled": false
              }
            ],
            "description": "",
            "dns_config": [],
            "enable_autopilot": false,
            "enable_binary_authorization": false,
            "enable_intranode_visibility": false,
            "enable_kubernetes_alpha": false,
            "enable_legacy_abac": false,
            "enable_shielded_nodes": true,
            "enable_tpu": false,
            "endpoint": "34.93.42.221",
            "id": "projects/omprakash-37246/locations/asia-south1/clusters/gke-1",
            "initial_node_count": 1,
            "ip_allocation_policy": [],
            "label_fingerprint": "a9dc16a7",
            "location": "asia-south1",
            "logging_config": [
              {
                "enable_components": [
                  "SYSTEM_COMPONENTS",
                  "WORKLOADS"
                ]
              }
            ],
            "logging_service": "logging.googleapis.com/kubernetes",
            "maintenance_policy": [],
            "master_auth": [
              {
                "client_certificate": "",
                "client_certificate_config": [
                  {
                    "issue_client_certificate": false
                  }
                ],
                "client_key": "",
                "cluster_ca_certificate": "LS0tLS1CRUdJTiBDRVJUSUZJQ0FURS0tLS0tCk1JSUVMVENDQXBXZ0F3SUJBZ0lSQUlYZUh2ejE0RmdUSlpRUDFGTy94cXd3RFFZSktvWklodmNOQVFFTEJRQXcKTHpFdE1Dc0dBMVVFQXhNa1kyWTBaVEZtTURrdE16aGhOQzAwWldNMkxXSmhaRE10T0RsbE1XWXpOR05tTlRFMQpNQ0FYRFRJeU1EVXhNekU1TkRRMU1Gb1lEekl3TlRJd05UQTFNakEwTkRVd1dqQXZNUzB3S3dZRFZRUURFeVJqClpqUmxNV1l3T1Mwek9HRTBMVFJsWXpZdFltRmtNeTA0T1dVeFpqTTBZMlkxTVRVd2dnR2lNQTBHQ1NxR1NJYjMKRFFFQkFRVUFBNElCandBd2dnR0tBb0lCZ1FDeXRNc0FYUEVwN0loUHNIWlpEbVM0bEhWZ0JyT0dxTldDMGFEawpmWGxOcVlHeWRMYnVBQXZDYitLWkk2ZWJuazIrTVhpQTBlQTZJQndISFdPRStub3B0TnZXZmFnaGJ3MXFYaUhLCm5yay9FeDNyTFVpQ3F6eXBnOEs5ai8xUnBDbmZseTBRb28zQ0tFNGpiTFlvVFJpdlhUTnZyTGYyQTIxeVJDME4KYVdPdGUyK1MrdXNvbCt5QjNnR1RnZ3VBbVpKU3lQZXdHdXl1cHlxZlhNWlVnRWJlRU5OS3dNRmFLUE8rVXFsbwpDWGZDOGR3VjNOV1BDRGt2cU5pcjFIQ0hMREtpdk9NYW9KeHlqcGxCdzRkaEE4ckkyajY0ME02YkVEbE5TTDRxCmFDU0hhRUJTTVVtaVZkRm9UZ1VEQitVZW93Z0FvS3QvNnh3cGlwVS9NYWNQVmxRQjNHNVVDNXdicUkzdnNtVXgKTE9kektNNUVOZ0kraG9PZHlzSTRVVW5qMWJVbTVtd1AzYlpMaTZwWHBTaDdBTnFhaFB0WkxGRVZtdFY5ckdheApiZjFrUjVSTjBOL0kvOFRwSFpZbTlBWWFGQktmellJb2UxVjhvb2s0K1FpanViVWRsNENRV3U3bURtSk10U2dOCjFMTlU2QzZpT21WMkYyZEdqMmdmSEJ2YlFQVUNBd0VBQWFOQ01FQXdEZ1lEVlIwUEFRSC9CQVFEQWdJRU1BOEcKQTFVZEV3RUIvd1FGTUFNQkFmOHdIUVlEVlIwT0JCWUVGQVZib1hoaEdpMEdvSi84UVpaamdmVzBFbUIzTUEwRwpDU3FHU0liM0RRRUJDd1VBQTRJQmdRQktydjNPNzVsUlNnQ01kRHVyWlMrRkpKcjQwZVFEOHg0NEoyVG91MUFSCnNsaUVaNzZzZUh4aFJJUzJkQWZldmtNdFM5QkJDYVh4OSsxZzlXaHdnVGZZNExrNFllMlA5UHVmRkpBSGNLS2oKM1lKMThyalcvVHE4WlpXb2h4amxjRmRBa1hDOTJvUXJCcnhyNkpkRUYrd3d5UlV6Y0xVbU5EK1RqdjZpUnJVdApQVmM1KzJoWnIxRUZMSXI2aTZPVms4blFiUzE1Uk14b3hIeWRBWTZQSGxmWENBTUdqMUlMQ1JDaElmbjJ6Z0FSCnpOMHQrMHlyY1FhQTdJSkdaZHJkQ2JvZE9WMDhDVG1UYUhIUzhaazcrTFk5Yi9PRFdvbjVjVXBQWURxM1FKcTgKa1Z2TEdmeUR3ZG1EcmlxRFo1ak9kelZ0ODJpUkYvbjk3R3NCanNLQnlEQk1XWEhvUGJKYXJBSFVqaDNkRkMzYgo0cUNlN25uelpOV212dUVncVNhdE1GWTdXM0h6UlN1U0djQUZEaDBaL3h1aFFqajlqeDRRdzhONVFFQnNRQzV1Cnladm1nSVdSaG5lZG1JUjhjWDBUSWgwL0toak5kdVIyT0QvTTVENjVqTDl2M1RCOXpiZmJoVXBxdnB3U3k2UjkKekVGU1grRnZFOGNrWWRSeTkvNXNrazA9Ci0tLS0tRU5EIENFUlRJRklDQVRFLS0tLS0K"
              }
            ],
            "master_authorized_networks_config": [],
            "master_version": "1.21.10-gke.2000",
            "min_master_version": null,
            "monitoring_config": [
              {
                "enable_components": [
                  "SYSTEM_COMPONENTS"
                ]
              }
            ],
            "monitoring_service": "monitoring.googleapis.com/kubernetes",
            "name": "gke-1",
            "network": "projects/omprakash-37246/global/networks/default",
            "network_policy": [
              {
                "enabled": false,
                "provider": "PROVIDER_UNSPECIFIED"
              }
            ],
            "networking_mode": "ROUTES",
            "node_config": [],
            "node_locations": [
              "asia-south1-a",
              "asia-south1-b",
              "asia-south1-c"
            ],
            "node_pool": [],
            "node_version": "1.21.10-gke.2000",
            "operation": null,
            "private_cluster_config": [],
            "private_ipv6_google_access": "",
            "project": "omprakash-37246",
            "release_channel": [
              {
                "channel": "REGULAR"
              }
            ],
            "remove_default_node_pool": true,
            "resource_labels": {},
            "resource_usage_export_config": [],
            "self_link": "https://container.googleapis.com/v1/projects/omprakash-37246/locations/asia-south1/clusters/gke-1",
            "services_ipv4_cidr": "10.27.240.0/20",
            "subnetwork": "projects/omprakash-37246/regions/asia-south1/subnetworks/default",
            "timeouts": null,
            "tpu_ipv4_cidr_block": "",
            "vertical_pod_autoscaling": [],
            "workload_identity_config": []
          },
          "sensitive_attributes": [],
          "private": "eyJlMmJmYjczMC1lY2FhLTExZTYtOGY4OC0zNDM2M2JjN2M0YzAiOnsiY3JlYXRlIjoyNDAwMDAwMDAwMDAwLCJkZWxldGUiOjI0MDAwMDAwMDAwMDAsInJlYWQiOjI0MDAwMDAwMDAwMDAsInVwZGF0ZSI6MzYwMDAwMDAwMDAwMH0sInNjaGVtYV92ZXJzaW9uIjoiMSJ9"
        }
      ]
    },
    {
      "mode": "managed",
      "type": "google_container_node_pool",
      "name": "node-pool-1",
      "provider": "provider[\"registry.terraform.io/hashicorp/google\"]",
      "instances": [
        {
          "schema_version": 1,
          "attributes": {
            "autoscaling": [
              {
                "max_node_count": 4,
                "min_node_count": 2
              }
            ],
            "cluster": "gke-1",
            "id": "projects/omprakash-37246/locations/asia-south1/clusters/gke-1/nodePools/node-pool-1",
            "initial_node_count": 1,
            "instance_group_urls": [
              "https://www.googleapis.com/compute/v1/projects/omprakash-37246/zones/asia-south1-c/instanceGroupManagers/gke-gke-1-node-pool-1-3a917d6d-grp",
              "https://www.googleapis.com/compute/v1/projects/omprakash-37246/zones/asia-south1-b/instanceGroupManagers/gke-gke-1-node-pool-1-8cbed6aa-grp",
              "https://www.googleapis.com/compute/v1/projects/omprakash-37246/zones/asia-south1-a/instanceGroupManagers/gke-gke-1-node-pool-1-4d21c6fa-grp"
            ],
            "location": "asia-south1",
            "managed_instance_group_urls": [
              "https://www.googleapis.com/compute/v1/projects/omprakash-37246/zones/asia-south1-c/instanceGroups/gke-gke-1-node-pool-1-3a917d6d-grp",
              "https://www.googleapis.com/compute/v1/projects/omprakash-37246/zones/asia-south1-b/instanceGroups/gke-gke-1-node-pool-1-8cbed6aa-grp",
              "https://www.googleapis.com/compute/v1/projects/omprakash-37246/zones/asia-south1-a/instanceGroups/gke-gke-1-node-pool-1-4d21c6fa-grp"
            ],
            "management": [
              {
                "auto_repair": true,
                "auto_upgrade": true
              }
            ],
            "max_pods_per_node": null,
            "name": "node-pool-1",
            "name_prefix": "",
            "node_config": [
              {
                "boot_disk_kms_key": "",
                "disk_size_gb": 100,
                "disk_type": "pd-standard",
                "gcfs_config": [],
                "guest_accelerator": [],
                "gvnic": [],
                "image_type": "COS_CONTAINERD",
                "labels": {},
                "local_ssd_count": 0,
                "machine_type": "e2-medium",
                "metadata": {
                  "disable-legacy-endpoints": "true"
                },
                "min_cpu_platform": "",
                "node_group": "",
                "oauth_scopes": [
                  "https://www.googleapis.com/auth/logging.write",
                  "https://www.googleapis.com/auth/monitoring"
                ],
                "preemptible": true,
                "service_account": "default",
                "shielded_instance_config": [
                  {
                    "enable_integrity_monitoring": true,
                    "enable_secure_boot": false
                  }
                ],
                "tags": null,
                "taint": [],
                "workload_metadata_config": []
              }
            ],
            "node_count": 1,
            "node_locations": [
              "asia-south1-a",
              "asia-south1-b",
              "asia-south1-c"
            ],
            "operation": null,
            "project": "omprakash-37246",
            "timeouts": null,
            "upgrade_settings": [
              {
                "max_surge": 1,
                "max_unavailable": 0
              }
            ],
            "version": "1.21.10-gke.2000"
          },
          "sensitive_attributes": [],
          "private": "eyJlMmJmYjczMC1lY2FhLTExZTYtOGY4OC0zNDM2M2JjN2M0YzAiOnsiY3JlYXRlIjoxODAwMDAwMDAwMDAwLCJkZWxldGUiOjE4MDAwMDAwMDAwMDAsInVwZGF0ZSI6MTgwMDAwMDAwMDAwMH0sInNjaGVtYV92ZXJzaW9uIjoiMSJ9",
          "dependencies": [
            "google_container_cluster.gke-1"
          ]
        }
      ]
    }
  ]
}
