{
  "version": 4,
  "terraform_version": "1.1.9",
  "serial": 33,
  "lineage": "4d13f4c3-1740-0f05-f961-0eba6ed950c4",
  "outputs": {},
  "resources": [
    {
      "mode": "managed",
      "type": "local_file",
      "name": "f1",
      "provider": "provider[\"registry.terraform.io/hashicorp/local\"]",
      "instances": [
        {
          "schema_version": 0,
          "attributes": {
            "content": "I hate terraform",
            "content_base64": null,
            "directory_permission": "0777",
            "file_permission": "0777",
            "filename": "t2.txt",
            "id": "5c86cdac8b51aa91ade39acffba840dbdd2ea421",
            "sensitive_content": null,
            "source": null
          },
          "sensitive_attributes": [],
          "private": "bnVsbA=="
        }
      ]
    },
    {
      "mode": "managed",
      "type": "local_file",
      "name": "f3",
      "provider": "provider[\"registry.terraform.io/hashicorp/local\"]",
      "instances": [
        {
          "schema_version": 0,
          "attributes": {
            "content": "john",
            "content_base64": null,
            "directory_permission": "0777",
            "file_permission": "0777",
            "filename": "cat.txt",
            "id": "a51dda7c7ff50b61eaea0444371f4a6a9301e501",
            "sensitive_content": null,
            "source": null
          },
          "sensitive_attributes": [],
          "private": "bnVsbA=="
        }
      ]
    }
  ]
}
