{
  "version": 4,
  "terraform_version": "1.2.2",
  "serial": 29,
  "lineage": "a8b2d78f-d86c-c11e-6579-56403b936176",
  "outputs": {},
  "resources": [
    {
      "mode": "managed",
      "type": "google_cloudfunctions_function",
      "name": "func-1",
      "provider": "provider[\"registry.terraform.io/hashicorp/google\"]",
      "instances": [
        {
          "schema_version": 0,
          "attributes": {
            "available_memory_mb": 128,
            "build_environment_variables": null,
            "description": "",
            "docker_registry": "CONTAINER_REGISTRY",
            "docker_repository": "",
            "entry_point": "hello_world",
            "environment_variables": {},
            "event_trigger": [],
            "https_trigger_security_level": "SECURE_OPTIONAL",
            "https_trigger_url": "https://asia-south1-om-1213.cloudfunctions.net/func-1",
            "id": "projects/om-1213/locations/asia-south1/functions/func-1",
            "ingress_settings": "ALLOW_ALL",
            "kms_key_name": "",
            "labels": {},
            "max_instances": 10,
            "min_instances": 0,
            "name": "func-1",
            "project": "om-1213",
            "region": "asia-south1",
            "runtime": "python39",
            "secret_environment_variables": [],
            "secret_volumes": [],
            "service_account_email": "om-1213@appspot.gserviceaccount.com",
            "source_archive_bucket": "gcs-om-1214",
            "source_archive_object": "test.zip",
            "source_repository": [],
            "timeout": 60,
            "timeouts": null,
            "trigger_http": true,
            "vpc_connector": "",
            "vpc_connector_egress_settings": ""
          },
          "sensitive_attributes": [],
          "private": "eyJlMmJmYjczMC1lY2FhLTExZTYtOGY4OC0zNDM2M2JjN2M0YzAiOnsiY3JlYXRlIjozMDAwMDAwMDAwMDAsImRlbGV0ZSI6MzAwMDAwMDAwMDAwLCJyZWFkIjozMDAwMDAwMDAwMDAsInVwZGF0ZSI6MzAwMDAwMDAwMDAwfX0=",
          "dependencies": [
            "google_storage_bucket.bucket-1213",
            "google_storage_bucket_object.obj-1"
          ]
        }
      ]
    },
    {
      "mode": "managed",
      "type": "google_cloudfunctions_function_iam_member",
      "name": "mem-1",
      "provider": "provider[\"registry.terraform.io/hashicorp/google\"]",
      "instances": [
        {
          "schema_version": 0,
          "attributes": {
            "cloud_function": "projects/om-1213/locations/asia-south1/functions/func-1",
            "condition": [],
            "etag": "BwXg1j4nXXY=",
            "id": "projects/om-1213/locations/asia-south1/functions/func-1/roles/cloudfunctions.invoker/allUsers",
            "member": "allUsers",
            "project": "om-1213",
            "region": "asia-south1",
            "role": "roles/cloudfunctions.invoker"
          },
          "sensitive_attributes": [],
          "private": "bnVsbA==",
          "dependencies": [
            "google_cloudfunctions_function.func-1"
          ]
        }
      ]
    },
    {
      "mode": "managed",
      "type": "google_storage_bucket",
      "name": "bucket-1213",
      "provider": "provider[\"registry.terraform.io/hashicorp/google\"]",
      "instances": [
        {
          "schema_version": 0,
          "attributes": {
            "cors": [],
            "default_event_based_hold": false,
            "encryption": [],
            "force_destroy": true,
            "id": "gcs-om-1214",
            "labels": {},
            "lifecycle_rule": [],
            "location": "ASIA-SOUTH1",
            "logging": [],
            "name": "gcs-om-1214",
            "project": "om-1213",
            "requester_pays": false,
            "retention_policy": [],
            "self_link": "https://www.googleapis.com/storage/v1/b/gcs-om-1214",
            "storage_class": "STANDARD",
            "timeouts": null,
            "uniform_bucket_level_access": true,
            "url": "gs://gcs-om-1214",
            "versioning": [],
            "website": []
          },
          "sensitive_attributes": [],
          "private": "eyJlMmJmYjczMC1lY2FhLTExZTYtOGY4OC0zNDM2M2JjN2M0YzAiOnsiY3JlYXRlIjoyNDAwMDAwMDAwMDAsInJlYWQiOjI0MDAwMDAwMDAwMCwidXBkYXRlIjoyNDAwMDAwMDAwMDB9fQ=="
        }
      ]
    },
    {
      "mode": "managed",
      "type": "google_storage_bucket_object",
      "name": "obj-1",
      "provider": "provider[\"registry.terraform.io/hashicorp/google\"]",
      "instances": [
        {
          "schema_version": 0,
          "attributes": {
            "bucket": "gcs-om-1214",
            "cache_control": "",
            "content": null,
            "content_disposition": "",
            "content_encoding": "",
            "content_language": "",
            "content_type": "application/zip",
            "crc32c": "53XZ8g==",
            "customer_encryption": [],
            "detect_md5hash": "8WUeyF5vC+2ukB1GEI0QDw==",
            "event_based_hold": false,
            "id": "gcs-om-1214-test.zip",
            "kms_key_name": "",
            "md5hash": "8WUeyF5vC+2ukB1GEI0QDw==",
            "media_link": "https://storage.googleapis.com/download/storage/v1/b/gcs-om-1214/o/test.zip?generation=1654585165611370\u0026alt=media",
            "metadata": {},
            "name": "test.zip",
            "output_name": "test.zip",
            "self_link": "https://www.googleapis.com/storage/v1/b/gcs-om-1214/o/test.zip",
            "source": "test.zip",
            "storage_class": "STANDARD",
            "temporary_hold": false,
            "timeouts": null
          },
          "sensitive_attributes": [],
          "private": "eyJlMmJmYjczMC1lY2FhLTExZTYtOGY4OC0zNDM2M2JjN2M0YzAiOnsiY3JlYXRlIjoyNDAwMDAwMDAwMDAsImRlbGV0ZSI6MjQwMDAwMDAwMDAwLCJ1cGRhdGUiOjI0MDAwMDAwMDAwMH19",
          "dependencies": [
            "google_storage_bucket.bucket-1213"
          ]
        }
      ]
    }
  ]
}
