{
  "version": 4,
  "terraform_version": "1.1.9",
  "serial": 10,
  "lineage": "beac5e33-8b40-3968-24b8-a9d68522d81f",
  "outputs": {},
  "resources": [
    {
      "mode": "managed",
      "type": "google_compute_attached_disk",
      "name": "disk_attch-1",
      "provider": "provider[\"registry.terraform.io/hashicorp/google\"]",
      "instances": [
        {
          "schema_version": 0,
          "attributes": {
            "device_name": "persistent-disk-1",
            "disk": "projects/omprakash-37246/zones/asia-south1-a/disks/disk-1",
            "id": "projects/omprakash-37246/zones/asia-south1-a/instances/ins-1/disk-1",
            "instance": "projects/omprakash-37246/zones/asia-south1-a/instances/ins-1",
            "mode": "READ_WRITE",
            "project": "omprakash-37246",
            "timeouts": null,
            "zone": "asia-south1-a"
          },
          "sensitive_attributes": [],
          "private": "eyJlMmJmYjczMC1lY2FhLTExZTYtOGY4OC0zNDM2M2JjN2M0YzAiOnsiY3JlYXRlIjozMDAwMDAwMDAwMDAsImRlbGV0ZSI6MzAwMDAwMDAwMDAwfX0=",
          "dependencies": [
            "google_compute_disk.disk-1",
            "google_compute_instance.ins-1"
          ]
        }
      ]
    },
    {
      "mode": "managed",
      "type": "google_compute_disk",
      "name": "disk-1",
      "provider": "provider[\"registry.terraform.io/hashicorp/google\"]",
      "instances": [
        {
          "schema_version": 0,
          "attributes": {
            "creation_timestamp": "2022-05-13T13:16:57.759-07:00",
            "description": "",
            "disk_encryption_key": [],
            "id": "projects/omprakash-37246/zones/asia-south1-a/disks/disk-1",
            "image": "",
            "label_fingerprint": "42WmSpB8rSM=",
            "labels": null,
            "last_attach_timestamp": "",
            "last_detach_timestamp": "",
            "name": "disk-1",
            "physical_block_size_bytes": 4096,
            "project": "omprakash-37246",
            "provisioned_iops": 0,
            "self_link": "https://www.googleapis.com/compute/v1/projects/omprakash-37246/zones/asia-south1-a/disks/disk-1",
            "size": 10,
            "snapshot": "",
            "source_image_encryption_key": [],
            "source_image_id": "",
            "source_snapshot_encryption_key": [],
            "source_snapshot_id": "",
            "timeouts": null,
            "type": "pd-standard",
            "users": [],
            "zone": "asia-south1-a"
          },
          "sensitive_attributes": [],
          "private": "eyJlMmJmYjczMC1lY2FhLTExZTYtOGY4OC0zNDM2M2JjN2M0YzAiOnsiY3JlYXRlIjoxMjAwMDAwMDAwMDAwLCJkZWxldGUiOjEyMDAwMDAwMDAwMDAsInVwZGF0ZSI6MTIwMDAwMDAwMDAwMH19"
        }
      ]
    },
    {
      "mode": "managed",
      "type": "google_compute_instance",
      "name": "ins-1",
      "provider": "provider[\"registry.terraform.io/hashicorp/google\"]",
      "instances": [
        {
          "schema_version": 6,
          "attributes": {
            "advanced_machine_features": [],
            "allow_stopping_for_update": null,
            "attached_disk": [],
            "boot_disk": [
              {
                "auto_delete": true,
                "device_name": "persistent-disk-0",
                "disk_encryption_key_raw": "",
                "disk_encryption_key_sha256": "",
                "initialize_params": [
                  {
                    "image": "https://www.googleapis.com/compute/v1/projects/ubuntu-os-cloud/global/images/ubuntu-1804-bionic-v20220118",
                    "labels": {},
                    "size": 10,
                    "type": "pd-standard"
                  }
                ],
                "kms_key_self_link": "",
                "mode": "READ_WRITE",
                "source": "https://www.googleapis.com/compute/v1/projects/omprakash-37246/zones/asia-south1-a/disks/ins-1"
              }
            ],
            "can_ip_forward": false,
            "confidential_instance_config": [],
            "cpu_platform": "Intel Skylake",
            "current_status": "RUNNING",
            "deletion_protection": false,
            "description": "",
            "desired_status": null,
            "enable_display": false,
            "guest_accelerator": [],
            "hostname": "",
            "id": "projects/omprakash-37246/zones/asia-south1-a/instances/ins-1",
            "instance_id": "8004734134172976415",
            "label_fingerprint": "42WmSpB8rSM=",
            "labels": {},
            "machine_type": "f1-micro",
            "metadata": {},
            "metadata_fingerprint": "KR36-XqBWmI=",
            "metadata_startup_script": null,
            "min_cpu_platform": "",
            "name": "ins-1",
            "network_interface": [
              {
                "access_config": [
                  {
                    "nat_ip": "34.100.152.47",
                    "network_tier": "PREMIUM",
                    "public_ptr_domain_name": ""
                  }
                ],
                "alias_ip_range": [],
                "ipv6_access_config": [],
                "ipv6_access_type": "",
                "name": "nic0",
                "network": "https://www.googleapis.com/compute/v1/projects/omprakash-37246/global/networks/default",
                "network_ip": "10.160.0.27",
                "nic_type": "",
                "queue_count": 0,
                "stack_type": "IPV4_ONLY",
                "subnetwork": "https://www.googleapis.com/compute/v1/projects/omprakash-37246/regions/asia-south1/subnetworks/default",
                "subnetwork_project": "omprakash-37246"
              }
            ],
            "project": "omprakash-37246",
            "reservation_affinity": [],
            "resource_policies": [],
            "scheduling": [
              {
                "automatic_restart": false,
                "min_node_cpus": 0,
                "node_affinities": [],
                "on_host_maintenance": "TERMINATE",
                "preemptible": true,
                "provisioning_model": ""
              }
            ],
            "scratch_disk": [],
            "self_link": "https://www.googleapis.com/compute/v1/projects/omprakash-37246/zones/asia-south1-a/instances/ins-1",
            "service_account": [],
            "shielded_instance_config": [
              {
                "enable_integrity_monitoring": true,
                "enable_secure_boot": false,
                "enable_vtpm": true
              }
            ],
            "tags": [
              "http-server",
              "https-server"
            ],
            "tags_fingerprint": "6smc4R4d39I=",
            "timeouts": null,
            "zone": "asia-south1-a"
          },
          "sensitive_attributes": [],
          "private": "eyJlMmJmYjczMC1lY2FhLTExZTYtOGY4OC0zNDM2M2JjN2M0YzAiOnsiY3JlYXRlIjoxMjAwMDAwMDAwMDAwLCJkZWxldGUiOjEyMDAwMDAwMDAwMDAsInVwZGF0ZSI6MTIwMDAwMDAwMDAwMH0sInNjaGVtYV92ZXJzaW9uIjoiNiJ9"
        }
      ]
    }
  ]
}
