{
  "version": 4,
  "terraform_version": "1.1.9",
  "serial": 10,
  "lineage": "2d6feeb1-ee29-d0ea-cc27-8cabb2e34a1f",
  "outputs": {},
  "resources": [
    {
      "mode": "managed",
      "type": "random_integer",
      "name": "rand_int",
      "provider": "provider[\"registry.terraform.io/hashicorp/random\"]",
      "instances": [
        {
          "schema_version": 0,
          "attributes": {
            "id": "198",
            "keepers": null,
            "max": 300,
            "min": 10,
            "result": 198,
            "seed": null
          },
          "sensitive_attributes": [],
          "private": "bnVsbA==",
          "create_before_destroy": true
        }
      ]
    },
    {
      "mode": "managed",
      "type": "random_integer",
      "name": "rand_int1",
      "provider": "provider[\"registry.terraform.io/hashicorp/random\"]",
      "instances": [
        {
          "schema_version": 0,
          "attributes": {
            "id": "18",
            "keepers": null,
            "max": 20,
            "min": 10,
            "result": 18,
            "seed": null
          },
          "sensitive_attributes": [],
          "private": "bnVsbA=="
        }
      ]
    }
  ]
}
