{
  "version": 4,
  "terraform_version": "1.2.6",
  "serial": 16,
  "lineage": "c81a3fd4-03b0-18ed-bae3-6144c38c180a",
  "outputs": {
    "ClusterName": {
      "value": "pras-1213-cluster",
      "type": "string"
    },
    "NodeName": {
      "value": "pras-1213-np",
      "type": "string"
    }
  },
  "resources": [
    {
      "mode": "managed",
      "type": "google_container_cluster",
      "name": "cluster",
      "provider": "provider[\"registry.terraform.io/hashicorp/google\"]",
      "instances": [
        {
          "schema_version": 1,
          "attributes": {
            "addons_config": [
              {
                "cloudrun_config": [],
                "dns_cache_config": [],
                "gce_persistent_disk_csi_driver_config": [
                  {
                    "enabled": true
                  }
                ],
                "gcp_filestore_csi_driver_config": [],
                "horizontal_pod_autoscaling": [],
                "http_load_balancing": [],
                "network_policy_config": [
                  {
                    "disabled": true
                  }
                ]
              }
            ],
            "authenticator_groups_config": [],
            "binary_authorization": [
              {
                "enabled": false,
                "evaluation_mode": ""
              }
            ],
            "cluster_autoscaling": [
              {
                "auto_provisioning_defaults": [],
                "enabled": false,
                "resource_limits": []
              }
            ],
            "cluster_ipv4_cidr": "10.0.0.0/14",
            "confidential_nodes": [],
            "database_encryption": [
              {
                "key_name": "",
                "state": "DECRYPTED"
              }
            ],
            "datapath_provider": "",
            "default_max_pods_per_node": null,
            "default_snat_status": [
              {
                "disabled": false
              }
            ],
            "description": "",
            "dns_config": [],
            "enable_autopilot": false,
            "enable_binary_authorization": false,
            "enable_intranode_visibility": false,
            "enable_kubernetes_alpha": false,
            "enable_legacy_abac": false,
            "enable_shielded_nodes": true,
            "enable_tpu": false,
            "endpoint": "35.200.154.161",
            "id": "projects/pras-1213/locations/asia-south1-a/clusters/pras-1213-cluster",
            "initial_node_count": 1,
            "ip_allocation_policy": [],
            "label_fingerprint": "a9dc16a7",
            "location": "asia-south1-a",
            "logging_config": [
              {
                "enable_components": [
                  "SYSTEM_COMPONENTS",
                  "WORKLOADS"
                ]
              }
            ],
            "logging_service": "logging.googleapis.com/kubernetes",
            "maintenance_policy": [],
            "master_auth": [
              {
                "client_certificate": "",
                "client_certificate_config": [
                  {
                    "issue_client_certificate": false
                  }
                ],
                "client_key": "",
                "cluster_ca_certificate": "LS0tLS1CRUdJTiBDRVJUSUZJQ0FURS0tLS0tCk1JSUVMRENDQXBTZ0F3SUJBZ0lRSEFTS2toS0w5MGttWVlKNFhlMTE5VEFOQmdrcWhraUc5dzBCQVFzRkFEQXYKTVMwd0t3WURWUVFERXlRek9XTXdPVGxtTVMweE5EVmpMVFE1TmpjdE9EUXdZaTFrTVRJeE1tSTJaVE5tTkRZdwpJQmNOTWpJd09ESTRNVFkxTkRJMVdoZ1BNakExTWpBNE1qQXhOelUwTWpWYU1DOHhMVEFyQmdOVkJBTVRKRE01Cll6QTVPV1l4TFRFME5XTXRORGsyTnkwNE5EQmlMV1F4TWpFeVlqWmxNMlkwTmpDQ0FhSXdEUVlKS29aSWh2Y04KQVFFQkJRQURnZ0dQQURDQ0FZb0NnZ0dCQUxIS1NLbmRKVUlvaFRGWWpNU1ZYRDFzK1pZVUZOM3ZxY2V1Lzl4NwptTk0xaldjUWRMUUlDR3B3NWVDaW9vbmNIUFpuTjZXUVBVTGUvK2kxNml4eVErSG1PRW92REhJU1EwWUhwbE4wCms0NHpqV2VselU5ODJKRGFVa1p6cDJJRXVlbkFrRVBPakFkd0VoZkpTVXVvL1c5YjNMT1dha1dMSGUrc1k3OGcKenlyYlc3L0NQRXZWZVJpZFl6T1ExUlB1bDdRQ0d5WEJUR08vV0NtUjJPZFRlSjlsa1lMS0JRNE1CQ0ZRNnVBTQpNc3hiVVJnc0kzcDEySVY3bW5yV2xTby9wSG1ndXNjWWhzcTAvTEJaVWJRSmFQSzNzMVNsVVVJYWNOUWZtTXQyCjVFNFZITlRQUW5IYWVDWWZtdUVEbGlpWDFMSzB6SG1FeEdpYzNsdWdYUzFnQ2YzYnI4WUk5aEpwamlzOVY2Z0kKVm9IWmRkbmxOTjZISTI1YTZoQ2MxdmkvQkRnbHlvWk1yeGtPSnMzWWtPa3BYQ2s2MGFxMTMyei9QdUc0bythaQpiaERtSVZqTm5IRjBMcFFPeHJQMzlLQ2dYNFFZSVlBSFpXNXBmcXNraWhnYlVHdFBXVGhKcEhKT1g5MWRtWUV6CmpyaHFpc1lqRWZwVjdvaUYxWVc0QTNkZVVRSURBUUFCbzBJd1FEQU9CZ05WSFE4QkFmOEVCQU1DQWdRd0R3WUQKVlIwVEFRSC9CQVV3QXdFQi96QWRCZ05WSFE0RUZnUVV4OUZ3Y3lJRDNFZlNIemtHYWtFbU9LSFN6bzB3RFFZSgpLb1pJaHZjTkFRRUxCUUFEZ2dHQkFLYUVWYlE2RnJRUVNBMTVObUNLd3Zmb25oWnkzYnVJSFBBdzhBMFlQOTZSCkpkZkRvYkMrMUNWMjZ0MkJMN1ZKb0JrNVhldlo3aGxGNng2OGJ6czlaWXhIdTJQdThmOVpWQmxIVHNpK012SUoKUWQvWmlOOVFhVXgvRXhnZW5wbzlKR24rM0RaUU9yb2RXaTdEbTZJa0ptQkdGT1QyZEk1OFdhYzNFMzVmTWJpMQpJenFWc2dmTjQzOFhqOHBpdHlyTmkvb2srSjJzWXY4VzlrZVF6aDB4dlBTSkxFV3ByNVRaaDRxaHM5akd5M2JlCjFLNUVJZlZkeHlMY0dVWjFQRHBnSzlmTDEwSlVUTGg2dlpTcHA2SHBEaUVKREo1RGpEK015L1I4b3lrMzF0TUoKSys5MW5wVWhhUlYvT2o0SXhNNUxvM2Q2SHZjdWQ0eEVWSktWaUk2NlhWbGxMLytzUXlycVJoTkVnVjNyZmh6dAp3TU9zc0ZJTlhQLzNwUUlMWi9BTElwRHZwNlFyRFlPZHhpdU1wTlYyMyt3R1lIZWlqTVBUdmNXSHk1d3NCVllZClNKVlc2YU5Id0dndFNrK0xtQUdyMlhKOS9TRkxnRmRaemlLSDJWYnk5TnVSYTE2Y2hESGtVOFBVOGUrRUNJMm8KdkxGSzBkYm52aDVQdHpFSG5iejlNZz09Ci0tLS0tRU5EIENFUlRJRklDQVRFLS0tLS0K"
              }
            ],
            "master_authorized_networks_config": [],
            "master_version": "1.22.11-gke.400",
            "mesh_certificates": [],
            "min_master_version": null,
            "monitoring_config": [
              {
                "enable_components": [
                  "SYSTEM_COMPONENTS"
                ]
              }
            ],
            "monitoring_service": "monitoring.googleapis.com/kubernetes",
            "name": "pras-1213-cluster",
            "network": "projects/pras-1213/global/networks/default",
            "network_policy": [
              {
                "enabled": false,
                "provider": "PROVIDER_UNSPECIFIED"
              }
            ],
            "networking_mode": "ROUTES",
            "node_config": [],
            "node_locations": [],
            "node_pool": [],
            "node_version": "1.22.11-gke.400",
            "notification_config": [
              {
                "pubsub": [
                  {
                    "enabled": false,
                    "topic": ""
                  }
                ]
              }
            ],
            "operation": null,
            "private_cluster_config": [],
            "private_ipv6_google_access": "",
            "project": "pras-1213",
            "release_channel": [
              {
                "channel": "REGULAR"
              }
            ],
            "remove_default_node_pool": true,
            "resource_labels": null,
            "resource_usage_export_config": [],
            "self_link": "https://container.googleapis.com/v1/projects/pras-1213/zones/asia-south1-a/clusters/pras-1213-cluster",
            "services_ipv4_cidr": "10.3.240.0/20",
            "subnetwork": "projects/pras-1213/regions/asia-south1/subnetworks/default",
            "timeouts": null,
            "tpu_ipv4_cidr_block": "",
            "vertical_pod_autoscaling": [],
            "workload_identity_config": []
          },
          "sensitive_attributes": [],
          "private": "eyJlMmJmYjczMC1lY2FhLTExZTYtOGY4OC0zNDM2M2JjN2M0YzAiOnsiY3JlYXRlIjoyNDAwMDAwMDAwMDAwLCJkZWxldGUiOjI0MDAwMDAwMDAwMDAsInJlYWQiOjI0MDAwMDAwMDAwMDAsInVwZGF0ZSI6MzYwMDAwMDAwMDAwMH0sInNjaGVtYV92ZXJzaW9uIjoiMSJ9"
        }
      ]
    },
    {
      "mode": "managed",
      "type": "google_container_node_pool",
      "name": "np",
      "provider": "provider[\"registry.terraform.io/hashicorp/google\"]",
      "instances": [
        {
          "schema_version": 1,
          "attributes": {
            "autoscaling": [
              {
                "max_node_count": 3,
                "min_node_count": 2
              }
            ],
            "cluster": "pras-1213-cluster",
            "id": "projects/pras-1213/locations/asia-south1-a/clusters/pras-1213-cluster/nodePools/pras-1213-np",
            "initial_node_count": 2,
            "instance_group_urls": [
              "https://www.googleapis.com/compute/v1/projects/pras-1213/zones/asia-south1-a/instanceGroupManagers/gke-pras-1213-cluster-pras-1213-np-465ab199-grp"
            ],
            "location": "asia-south1-a",
            "managed_instance_group_urls": [
              "https://www.googleapis.com/compute/v1/projects/pras-1213/zones/asia-south1-a/instanceGroups/gke-pras-1213-cluster-pras-1213-np-465ab199-grp"
            ],
            "management": [
              {
                "auto_repair": true,
                "auto_upgrade": true
              }
            ],
            "max_pods_per_node": null,
            "name": "pras-1213-np",
            "name_prefix": "",
            "node_config": [
              {
                "boot_disk_kms_key": "",
                "disk_size_gb": 100,
                "disk_type": "pd-standard",
                "gcfs_config": [],
                "guest_accelerator": [],
                "gvnic": [],
                "image_type": "COS_CONTAINERD",
                "labels": {},
                "local_ssd_count": 0,
                "machine_type": "e2-medium",
                "metadata": {
                  "disable-legacy-endpoints": "true"
                },
                "min_cpu_platform": "",
                "node_group": "",
                "oauth_scopes": [
                  "https://www.googleapis.com/auth/logging.write",
                  "https://www.googleapis.com/auth/monitoring"
                ],
                "preemptible": true,
                "service_account": "default",
                "shielded_instance_config": [
                  {
                    "enable_integrity_monitoring": true,
                    "enable_secure_boot": false
                  }
                ],
                "spot": false,
                "tags": null,
                "taint": [],
                "workload_metadata_config": []
              }
            ],
            "node_count": 2,
            "node_locations": [
              "asia-south1-a"
            ],
            "operation": null,
            "project": "pras-1213",
            "timeouts": null,
            "upgrade_settings": [
              {
                "max_surge": 1,
                "max_unavailable": 0
              }
            ],
            "version": "1.22.11-gke.400"
          },
          "sensitive_attributes": [],
          "private": "eyJlMmJmYjczMC1lY2FhLTExZTYtOGY4OC0zNDM2M2JjN2M0YzAiOnsiY3JlYXRlIjoxODAwMDAwMDAwMDAwLCJkZWxldGUiOjE4MDAwMDAwMDAwMDAsInVwZGF0ZSI6MTgwMDAwMDAwMDAwMH0sInNjaGVtYV92ZXJzaW9uIjoiMSJ9",
          "dependencies": [
            "google_container_cluster.cluster"
          ]
        }
      ]
    }
  ]
}
