{
  "version": 4,
  "terraform_version": "1.2.6",
  "serial": 3,
  "lineage": "10def7e2-050a-3888-8e05-8ca425b7d597",
  "outputs": {
    "clsname": {
      "value": "pras-1213-cls",
      "type": "string"
    }
  },
  "resources": [
    {
      "mode": "managed",
      "type": "google_container_cluster",
      "name": "cls-1",
      "provider": "provider[\"registry.terraform.io/hashicorp/google\"]",
      "instances": [
        {
          "schema_version": 1,
          "attributes": {
            "addons_config": [
              {
                "cloudrun_config": [],
                "dns_cache_config": [],
                "gce_persistent_disk_csi_driver_config": [
                  {
                    "enabled": true
                  }
                ],
                "gcp_filestore_csi_driver_config": [],
                "horizontal_pod_autoscaling": [],
                "http_load_balancing": [],
                "network_policy_config": [
                  {
                    "disabled": true
                  }
                ]
              }
            ],
            "authenticator_groups_config": [],
            "binary_authorization": [
              {
                "enabled": false,
                "evaluation_mode": ""
              }
            ],
            "cluster_autoscaling": [
              {
                "auto_provisioning_defaults": [],
                "enabled": false,
                "resource_limits": []
              }
            ],
            "cluster_ipv4_cidr": "10.0.0.0/14",
            "confidential_nodes": [],
            "database_encryption": [
              {
                "key_name": "",
                "state": "DECRYPTED"
              }
            ],
            "datapath_provider": "",
            "default_max_pods_per_node": null,
            "default_snat_status": [
              {
                "disabled": false
              }
            ],
            "description": "",
            "dns_config": [],
            "enable_autopilot": false,
            "enable_binary_authorization": false,
            "enable_intranode_visibility": false,
            "enable_kubernetes_alpha": false,
            "enable_legacy_abac": false,
            "enable_shielded_nodes": true,
            "enable_tpu": false,
            "endpoint": "35.244.27.31",
            "id": "projects/pras-1213/locations/asia-south1-a/clusters/pras-1213-cls",
            "initial_node_count": 1,
            "ip_allocation_policy": [],
            "label_fingerprint": "a9dc16a7",
            "location": "asia-south1-a",
            "logging_config": [
              {
                "enable_components": [
                  "SYSTEM_COMPONENTS",
                  "WORKLOADS"
                ]
              }
            ],
            "logging_service": "logging.googleapis.com/kubernetes",
            "maintenance_policy": [],
            "master_auth": [
              {
                "client_certificate": "",
                "client_certificate_config": [
                  {
                    "issue_client_certificate": false
                  }
                ],
                "client_key": "",
                "cluster_ca_certificate": "LS0tLS1CRUdJTiBDRVJUSUZJQ0FURS0tLS0tCk1JSUVMVENDQXBXZ0F3SUJBZ0lSQUxIWUpYNCs3endRa3ZoN29EaVcyL0F3RFFZSktvWklodmNOQVFFTEJRQXcKTHpFdE1Dc0dBMVVFQXhNa1pUVXhOemRpWmpNdE56RXpOeTAwWm1KaUxXRTRNekl0TjJNMFlqaGtZVFEyWVRWbApNQ0FYRFRJeU1Ea3dNVEV5TXpjME1Gb1lEekl3TlRJd09ESTBNVE16TnpRd1dqQXZNUzB3S3dZRFZRUURFeVJsCk5URTNOMkptTXkwM01UTTNMVFJtWW1JdFlUZ3pNaTAzWXpSaU9HUmhORFpoTldVd2dnR2lNQTBHQ1NxR1NJYjMKRFFFQkFRVUFBNElCandBd2dnR0tBb0lCZ1FERDg2a0o3TDBXWmwwQTVUQW1Mc0F2dTNxdDN0Y3pkZkpZZXp2aAo2TXBEM1hsRzh0ODFueS85TGtiV1c4STFXbGZDYjJXRU0xZ0Q1YS9iSlpnejBjODhZQm04YW1oR01JaGhFdzF2Cmh5cGNvcDE1MC9sTC9VYTZCYS9HYnF0Ny9IY3NmNWhtUmY5YUpxS3BkRkQyQ2pMNEpXZHF4NWVBckFZb2Q0ZFYKRitjRmRnejhMTGJYWWZlLy9QaXJSMENOcXlUUlJOeE5tSEVzTWZjOWFCOEZVelROQlV1MHRhMFg1NzNqSHdTNQplZzVOOUdnN080WXF3dVZSbEJHSHhzWXYvOVNKdEJpN2FNcUZkWVhRRy81QkxOMjM3cEIwVnFmMnRHR2w2Z09QCk5zWW82T3RoaGF4c1hzb1N0OW4vb0ZXcUhnSFpYMWFiRkpCWXFpUHMvemJDaExzRE5iOENHaU11UVdibitYVE0KUDF0elJTeU5rMm4wVjRQZDhSWTZaU1lzUDhqTXEvMVQ0cDBQd2VBcnBCelduanRDUjBFVklGUFc0cUZBMEFTaQpIWWtaRC8xOVRZR2JUa2tBaFAyS2RaYTJLSXhIL2F5SngxeTQ4NjllOEdYRTBOMVMrekQ2NUJFZHZQRjVoSGxJCmx1Y3c5ZGxIU21vcmhNY2xSaHRUdUErWWh6TUNBd0VBQWFOQ01FQXdEZ1lEVlIwUEFRSC9CQVFEQWdJRU1BOEcKQTFVZEV3RUIvd1FGTUFNQkFmOHdIUVlEVlIwT0JCWUVGRHprako2U1FQMlNRUTN0cHNUUW1xZjB4WGRETUEwRwpDU3FHU0liM0RRRUJDd1VBQTRJQmdRQkkyMUpLMHBtYmNTSDNTbEFRbDFiQmVabG5NTVM5bTdSTi9oWStsVEFWClNFV09mUjAxblBTRHRPWncvaENaK2Jlb0xkczhLVzZOWGVnMXBONCtabC9pZVZHTFg1d0lLVW56L2lIMHlmNEsKRXNjV095ZmpVcS9aRm5ZNWFWN25QWVJVNXBXR0pTTmlFaTFyTVd0QzhCSWZXTkZkWVhqRklRT1BwNzBET1N3LwpJRVFQYzQ3MEZYei9NMjhubVdUSmZSMk1mbGhvc21YN2ZNR2R6dGY4ZlJqdUFmTitYL2RRWjRUTTFDU1kvV25NCmNBOE41OStES1JoYUtXenlyTDd6MzYvK3JXSzRSbndKVDh0N3c3UHR3UHRLRFMvQlEvOW0yemdkWHFhVEh6dngKd2tWV0hENEdidlRZUTlWSWNjNklqbS9mYmloRXhIVkpuQkJyYnR5WWdjUURyQXRxL3MzbER0Q21TYVBoWDRsdApCOXNRY0ZmZ0diaFNvTDNiTDdOdkNpL0k4dUhvbzFySjRIWVZYRDBueU9OeFVTWEcxYnQwWnR6NDNidHNHb1duCmg1cGJGR2hIMXF4K09vbUU4d2kvckV3K1BZV3I4anl0ZmVNTkxSYnZiV2ZjV1g3clQyLzdNR2xYejhCMHl6VXkKeHNzV1NqcFQ2eWxwZzAwd1UvQjIza2M9Ci0tLS0tRU5EIENFUlRJRklDQVRFLS0tLS0K"
              }
            ],
            "master_authorized_networks_config": [],
            "master_version": "1.21.13-gke.900",
            "mesh_certificates": [],
            "min_master_version": null,
            "monitoring_config": [
              {
                "enable_components": [
                  "SYSTEM_COMPONENTS"
                ]
              }
            ],
            "monitoring_service": "monitoring.googleapis.com/kubernetes",
            "name": "pras-1213-cls",
            "network": "projects/pras-1213/global/networks/default",
            "network_policy": [
              {
                "enabled": false,
                "provider": "PROVIDER_UNSPECIFIED"
              }
            ],
            "networking_mode": "ROUTES",
            "node_config": [],
            "node_locations": [],
            "node_pool": [],
            "node_version": "1.21.13-gke.900",
            "notification_config": [
              {
                "pubsub": [
                  {
                    "enabled": false,
                    "topic": ""
                  }
                ]
              }
            ],
            "operation": null,
            "private_cluster_config": [],
            "private_ipv6_google_access": "",
            "project": "pras-1213",
            "release_channel": [
              {
                "channel": "STABLE"
              }
            ],
            "remove_default_node_pool": true,
            "resource_labels": null,
            "resource_usage_export_config": [],
            "self_link": "https://container.googleapis.com/v1/projects/pras-1213/zones/asia-south1-a/clusters/pras-1213-cls",
            "services_ipv4_cidr": "10.3.240.0/20",
            "subnetwork": "projects/pras-1213/regions/asia-south1/subnetworks/default",
            "timeouts": null,
            "tpu_ipv4_cidr_block": "",
            "vertical_pod_autoscaling": [],
            "workload_identity_config": []
          },
          "sensitive_attributes": [],
          "private": "eyJlMmJmYjczMC1lY2FhLTExZTYtOGY4OC0zNDM2M2JjN2M0YzAiOnsiY3JlYXRlIjoyNDAwMDAwMDAwMDAwLCJkZWxldGUiOjI0MDAwMDAwMDAwMDAsInJlYWQiOjI0MDAwMDAwMDAwMDAsInVwZGF0ZSI6MzYwMDAwMDAwMDAwMH0sInNjaGVtYV92ZXJzaW9uIjoiMSJ9"
        }
      ]
    },
    {
      "mode": "managed",
      "type": "google_container_node_pool",
      "name": "np-1",
      "provider": "provider[\"registry.terraform.io/hashicorp/google\"]",
      "instances": [
        {
          "schema_version": 1,
          "attributes": {
            "autoscaling": [
              {
                "max_node_count": 3,
                "min_node_count": 1
              }
            ],
            "cluster": "pras-1213-cls",
            "id": "projects/pras-1213/locations/asia-south1-a/clusters/pras-1213-cls/nodePools/pras-1213-np",
            "initial_node_count": 2,
            "instance_group_urls": [
              "https://www.googleapis.com/compute/v1/projects/pras-1213/zones/asia-south1-a/instanceGroupManagers/gke-pras-1213-cls-pras-1213-np-71e7791a-grp"
            ],
            "location": "asia-south1-a",
            "managed_instance_group_urls": [
              "https://www.googleapis.com/compute/v1/projects/pras-1213/zones/asia-south1-a/instanceGroups/gke-pras-1213-cls-pras-1213-np-71e7791a-grp"
            ],
            "management": [
              {
                "auto_repair": true,
                "auto_upgrade": true
              }
            ],
            "max_pods_per_node": null,
            "name": "pras-1213-np",
            "name_prefix": "",
            "node_config": [
              {
                "boot_disk_kms_key": "",
                "disk_size_gb": 10,
                "disk_type": "pd-standard",
                "gcfs_config": [],
                "guest_accelerator": [],
                "gvnic": [],
                "image_type": "COS_CONTAINERD",
                "labels": {},
                "local_ssd_count": 0,
                "machine_type": "e2-medium",
                "metadata": {
                  "disable-legacy-endpoints": "true"
                },
                "min_cpu_platform": "",
                "node_group": "",
                "oauth_scopes": [
                  "https://www.googleapis.com/auth/logging.write",
                  "https://www.googleapis.com/auth/monitoring"
                ],
                "preemptible": true,
                "reservation_affinity": [],
                "service_account": "default",
                "shielded_instance_config": [
                  {
                    "enable_integrity_monitoring": true,
                    "enable_secure_boot": false
                  }
                ],
                "spot": false,
                "tags": null,
                "taint": [],
                "workload_metadata_config": []
              }
            ],
            "node_count": 2,
            "node_locations": [
              "asia-south1-a"
            ],
            "operation": null,
            "project": "pras-1213",
            "timeouts": null,
            "upgrade_settings": [
              {
                "max_surge": 1,
                "max_unavailable": 0
              }
            ],
            "version": "1.21.13-gke.900"
          },
          "sensitive_attributes": [],
          "private": "eyJlMmJmYjczMC1lY2FhLTExZTYtOGY4OC0zNDM2M2JjN2M0YzAiOnsiY3JlYXRlIjoxODAwMDAwMDAwMDAwLCJkZWxldGUiOjE4MDAwMDAwMDAwMDAsInVwZGF0ZSI6MTgwMDAwMDAwMDAwMH0sInNjaGVtYV92ZXJzaW9uIjoiMSJ9",
          "dependencies": [
            "google_container_cluster.cls-1"
          ]
        }
      ]
    }
  ]
}
