{
  "version": 4,
  "terraform_version": "1.1.9",
  "serial": 9,
  "lineage": "96173de7-c542-2ebe-1991-739038aa9a33",
  "outputs": {},
  "resources": [
    {
      "mode": "managed",
      "type": "google_storage_bucket",
      "name": "bucket-1",
      "provider": "provider[\"registry.terraform.io/hashicorp/google\"]",
      "instances": [
        {
          "schema_version": 0,
          "attributes": {
            "cors": [],
            "default_event_based_hold": false,
            "encryption": [],
            "force_destroy": false,
            "id": "gcp_buc_1212",
            "labels": {
              "bucket": "test_bucket"
            },
            "lifecycle_rule": [
              {
                "action": [
                  {
                    "storage_class": "ARCHIVE",
                    "type": "SetStorageClass"
                  }
                ],
                "condition": [
                  {
                    "age": 1,
                    "created_before": "",
                    "custom_time_before": "",
                    "days_since_custom_time": 0,
                    "days_since_noncurrent_time": 0,
                    "matches_storage_class": [
                      "STANDARD"
                    ],
                    "noncurrent_time_before": "",
                    "num_newer_versions": 0,
                    "with_state": ""
                  }
                ]
              }
            ],
            "location": "ASIA-SOUTH1",
            "logging": [],
            "name": "gcp_buc_1212",
            "project": "omprakash-37246",
            "requester_pays": false,
            "retention_policy": [],
            "self_link": "https://www.googleapis.com/storage/v1/b/gcp_buc_1212",
            "storage_class": "STANDARD",
            "timeouts": null,
            "uniform_bucket_level_access": true,
            "url": "gs://gcp_buc_1212",
            "versioning": [],
            "website": []
          },
          "sensitive_attributes": [],
          "private": "eyJlMmJmYjczMC1lY2FhLTExZTYtOGY4OC0zNDM2M2JjN2M0YzAiOnsiY3JlYXRlIjoyNDAwMDAwMDAwMDAsInJlYWQiOjI0MDAwMDAwMDAwMCwidXBkYXRlIjoyNDAwMDAwMDAwMDB9fQ=="
        }
      ]
    },
    {
      "mode": "managed",
      "type": "google_storage_bucket_object",
      "name": "obj-1",
      "provider": "provider[\"registry.terraform.io/hashicorp/google\"]",
      "instances": [
        {
          "schema_version": 0,
          "attributes": {
            "bucket": "gcp_buc_1212",
            "cache_control": "",
            "content": null,
            "content_disposition": "",
            "content_encoding": "",
            "content_language": "",
            "content_type": "image/jpeg",
            "crc32c": "QqNStQ==",
            "customer_encryption": [],
            "detect_md5hash": "1fCPsZrTr9PWc5hBHcUNsQ==",
            "event_based_hold": false,
            "id": "gcp_buc_1212-edoonu",
            "kms_key_name": "",
            "md5hash": "1fCPsZrTr9PWc5hBHcUNsQ==",
            "media_link": "https://storage.googleapis.com/download/storage/v1/b/gcp_buc_1212/o/edoonu?generation=1652081978176176\u0026alt=media",
            "metadata": {},
            "name": "edoonu",
            "output_name": "edoonu",
            "self_link": "https://www.googleapis.com/storage/v1/b/gcp_buc_1212/o/edoonu",
            "source": "output.jpeg",
            "storage_class": "STANDARD",
            "temporary_hold": false,
            "timeouts": null
          },
          "sensitive_attributes": [],
          "private": "eyJlMmJmYjczMC1lY2FhLTExZTYtOGY4OC0zNDM2M2JjN2M0YzAiOnsiY3JlYXRlIjoyNDAwMDAwMDAwMDAsImRlbGV0ZSI6MjQwMDAwMDAwMDAwLCJ1cGRhdGUiOjI0MDAwMDAwMDAwMH19",
          "dependencies": [
            "google_storage_bucket.bucket-1"
          ]
        }
      ]
    }
  ]
}
