{
  "version": 4,
  "terraform_version": "1.1.9",
  "serial": 11,
  "lineage": "908e0432-4cf9-e410-536c-21bed2caeefb",
  "outputs": {
    "o1": {
      "value": "Cg7%Mng41p",
      "type": "string"
    }
  },
  "resources": [
    {
      "mode": "managed",
      "type": "local_file",
      "name": "file1",
      "provider": "provider[\"registry.terraform.io/hashicorp/local\"]",
      "instances": [
        {
          "schema_version": 0,
          "attributes": {
            "content": "mixed file value: Cg7%Mng41p",
            "content_base64": null,
            "directory_permission": "0777",
            "file_permission": "0777",
            "filename": "dj.txt",
            "id": "e7dee4145d2b5df8eab1468fcb6a32b3af1f6344",
            "sensitive_content": null,
            "source": null
          },
          "sensitive_attributes": [],
          "private": "bnVsbA==",
          "dependencies": [
            "random_string.rand_name"
          ]
        }
      ]
    },
    {
      "mode": "managed",
      "type": "random_string",
      "name": "rand_name",
      "provider": "provider[\"registry.terraform.io/hashicorp/random\"]",
      "instances": [
        {
          "schema_version": 1,
          "attributes": {
            "id": "Cg7%Mng41p",
            "keepers": null,
            "length": 10,
            "lower": true,
            "min_lower": 0,
            "min_numeric": 0,
            "min_special": 0,
            "min_upper": 0,
            "number": true,
            "override_special": null,
            "result": "Cg7%Mng41p",
            "special": true,
            "upper": true
          },
          "sensitive_attributes": [],
          "private": "eyJzY2hlbWFfdmVyc2lvbiI6IjEifQ=="
        }
      ]
    }
  ]
}
