{
  "version": 4,
  "terraform_version": "1.2.6",
  "serial": 2,
  "lineage": "6c0b79f4-1893-1c9d-9e34-3e2ad332b4e8",
  "outputs": {
    "kubernetes_cluster_host": {
      "value": "34.89.117.72",
      "type": "string"
    },
    "kubernetes_cluster_name": {
      "value": "pras-1213-sec-cluster",
      "type": "string"
    }
  },
  "resources": [
    {
      "mode": "managed",
      "type": "google_container_cluster",
      "name": "secondary",
      "provider": "provider[\"registry.terraform.io/hashicorp/google\"]",
      "instances": [
        {
          "schema_version": 1,
          "attributes": {
            "addons_config": [
              {
                "cloudrun_config": [],
                "horizontal_pod_autoscaling": [],
                "http_load_balancing": [],
                "network_policy_config": [
                  {
                    "disabled": true
                  }
                ]
              }
            ],
            "authenticator_groups_config": [],
            "cluster_autoscaling": [
              {
                "auto_provisioning_defaults": [
                  {
                    "oauth_scopes": [
                      "https://www.googleapis.com/auth/devstorage.read_only",
                      "https://www.googleapis.com/auth/logging.write",
                      "https://www.googleapis.com/auth/monitoring",
                      "https://www.googleapis.com/auth/service.management.readonly",
                      "https://www.googleapis.com/auth/servicecontrol",
                      "https://www.googleapis.com/auth/trace.append"
                    ],
                    "service_account": "default"
                  }
                ],
                "enabled": true,
                "resource_limits": [
                  {
                    "maximum": 1000000000,
                    "minimum": 0,
                    "resource_type": "cpu"
                  },
                  {
                    "maximum": 1000000000,
                    "minimum": 0,
                    "resource_type": "memory"
                  },
                  {
                    "maximum": 1000000000,
                    "minimum": 0,
                    "resource_type": "nvidia-tesla-t4"
                  },
                  {
                    "maximum": 1000000000,
                    "minimum": 0,
                    "resource_type": "nvidia-tesla-a100"
                  }
                ]
              }
            ],
            "cluster_ipv4_cidr": "10.127.0.0/17",
            "database_encryption": [
              {
                "key_name": "",
                "state": "DECRYPTED"
              }
            ],
            "datapath_provider": "",
            "default_max_pods_per_node": 110,
            "default_snat_status": [
              {
                "disabled": false
              }
            ],
            "description": "",
            "enable_autopilot": true,
            "enable_binary_authorization": false,
            "enable_intranode_visibility": true,
            "enable_kubernetes_alpha": false,
            "enable_legacy_abac": false,
            "enable_shielded_nodes": true,
            "enable_tpu": false,
            "endpoint": "34.89.117.72",
            "id": "projects/pras-1213/locations/europe-west2/clusters/pras-1213-sec-cluster",
            "initial_node_count": 0,
            "instance_group_urls": [],
            "ip_allocation_policy": [
              {
                "cluster_ipv4_cidr_block": "10.127.0.0/17",
                "cluster_secondary_range_name": "gke-pras-1213-sec-cluster-pods-33d01d30",
                "services_ipv4_cidr_block": "10.127.128.0/22",
                "services_secondary_range_name": "gke-pras-1213-sec-cluster-services-33d01d30"
              }
            ],
            "label_fingerprint": "a9dc16a7",
            "location": "europe-west2",
            "logging_service": "logging.googleapis.com/kubernetes",
            "maintenance_policy": [],
            "master_auth": [
              {
                "client_certificate": "",
                "client_certificate_config": [
                  {
                    "issue_client_certificate": false
                  }
                ],
                "client_key": "",
                "cluster_ca_certificate": "LS0tLS1CRUdJTiBDRVJUSUZJQ0FURS0tLS0tCk1JSUVMVENDQXBXZ0F3SUJBZ0lSQU1iZzdjdXlMc0dPVWdJbmpBdHp6dm93RFFZSktvWklodmNOQVFFTEJRQXcKTHpFdE1Dc0dBMVVFQXhNa09UQXlOek5rTVRNdFlUTTBNeTAwTURWbExUaG1ORGd0TVRJd00yUTVOVE00TXpJeApNQ0FYRFRJeU1EZ3lOREV6TXpRd05Wb1lEekl3TlRJd09ERTJNVFF6TkRBMVdqQXZNUzB3S3dZRFZRUURFeVE1Ck1ESTNNMlF4TXkxaE16UXpMVFF3TldVdE9HWTBPQzB4TWpBelpEazFNemd6TWpFd2dnR2lNQTBHQ1NxR1NJYjMKRFFFQkFRVUFBNElCandBd2dnR0tBb0lCZ1FDS1l4ejdUYnNVcm54clRRV25xL3NOTEpvOFQ0c25XL3lmWHY4agoyYVdmSUF3TGd4T0wxWDVhbUlscDNWYWlZSUtRQWtkSUI0YnBJOTJvcXNTU3VUc05ZZFpnODJTdWZhZFU0SUZSCjgxaUtKMXlUN21PZ1dzbm9DQ29UalpZcnJxNmpTTHNNMVlFZzhSODkrbVl6UUxvZ0NDMjl0VXRrUWpBVXdiMEQKRVJMQ1Y4MGR2MnVDOHRkcG83TFhyajVLaEZJNEdpd3FWZllqQ3JGN3V6ckJDMFV5QTIxVWhCREZyVWxmT0VHUwpKRU4rS3NUK0ZKakVLMFBPTDlMc0dWaWpzNml5eERBdG42bURseDZDMUwzVE9HVUNkOFowUDBlVm5LS05IeUtjCnFMejFHTDlxcHZLRzJEUFU1dEZCWGpCMHhkSWcxZ0ZzaFBuamdJRENiSmgzWXRLS3JLZkVsQ1NKVmpnS0c0VW0KMnVJRTZWMlpsanI1VFBOYUVjVjhxYWNBQ09HMkExbXQ2aEpjczRLOGtzZU5BNnlEcE5iSzM3ZDQxbHd1aFlJYgplVzVtM1E0YWZxU1dETXNkbnRPNi9zSGhad2UwVlJVczhJUkJMSm40V2NkWUVuOHB6M0RJRUUrNVNPVXhaT21tCkFCb1FGNGRQbTVnQ1NPSHpFTWZ1VHJNSTBrRUNBd0VBQWFOQ01FQXdEZ1lEVlIwUEFRSC9CQVFEQWdJRU1BOEcKQTFVZEV3RUIvd1FGTUFNQkFmOHdIUVlEVlIwT0JCWUVGSW0raXJPT3V0QmZmSzF1R2dRMU9oQTQyYWRNTUEwRwpDU3FHU0liM0RRRUJDd1VBQTRJQmdRQmpwTFlpTTUvdEQ3VElnMXkrVWZoeXVwWEdEdlUyT3hBM0NtamkzNUVHCk9xT2NXREl2REppU1JBYW1QMkR2eXRYOVVCY3BleDc2alJPSm9keTBHN1ZyTHZPUS9sUnNta0VnV2xBMVZ5cWMKenRjbk1NQWM1Vlhpa0JXQmJZbklqNDZpSWVlTGY5Y3hYUVZrK3FjMDBQc3diS29ObWk4R215ZW9MeGxuOVJlVgo1clh3RHNrMmJOQVgyVWRyS0ZEbTJUUURYUTlWN3czWmZ3NmlYd0lyT05RWnZRUndoMVptSWJsTFhlUjVub0JvCllMZFk0SjRqaDM0aTlFTEZWUVg1cVF2QjdqRTdJRzJMNHZldWo1eXhVSldmTTRHKzFsWVZpcldaZFpSZUltWE8KQ2tjYWJ2SEo1OXBMZHc1Q1JTOVVpNW5oOGtqMkExM3MwbmxUN0xRMGtkQ203MlhydFF2S1pQQUppeHk2WTlvSgpVQTRpVHpWVzZLd2NpMXIvMVlBaW9ybG80QjIrdldRTDNYQmlNNVJhSHZXNkl1enBGSUxzcDJzYmNxcUtaLyswClRjZU5idFdVTlZlKzEyaTNYa0FDd0J4aHY4MVNxRWZNcEpVc1JpdC9TS2FRcEJSUXJjNWd4VUlEcFE3b1VwREwKejdNbDRyTndzYUlSaFhsdTJDK21mQjQ9Ci0tLS0tRU5EIENFUlRJRklDQVRFLS0tLS0K",
                "password": "",
                "username": ""
              }
            ],
            "master_authorized_networks_config": [],
            "master_version": "1.21.12-gke.2200",
            "min_master_version": null,
            "monitoring_service": "monitoring.googleapis.com/kubernetes",
            "name": "pras-1213-sec-cluster",
            "network": "projects/pras-1213/global/networks/pras-1213-vpc",
            "network_policy": [
              {
                "enabled": false,
                "provider": "PROVIDER_UNSPECIFIED"
              }
            ],
            "networking_mode": "VPC_NATIVE",
            "node_config": [
              {
                "disk_size_gb": 100,
                "disk_type": "pd-standard",
                "guest_accelerator": [],
                "image_type": "COS_CONTAINERD",
                "labels": {},
                "local_ssd_count": 0,
                "machine_type": "e2-medium",
                "metadata": {
                  "disable-legacy-endpoints": "true"
                },
                "min_cpu_platform": "",
                "oauth_scopes": [
                  "https://www.googleapis.com/auth/devstorage.read_only",
                  "https://www.googleapis.com/auth/logging.write",
                  "https://www.googleapis.com/auth/monitoring",
                  "https://www.googleapis.com/auth/service.management.readonly",
                  "https://www.googleapis.com/auth/servicecontrol",
                  "https://www.googleapis.com/auth/trace.append"
                ],
                "preemptible": false,
                "service_account": "default",
                "shielded_instance_config": [
                  {
                    "enable_integrity_monitoring": true,
                    "enable_secure_boot": true
                  }
                ],
                "tags": [],
                "taint": [],
                "workload_metadata_config": [
                  {
                    "node_metadata": "GKE_METADATA_SERVER"
                  }
                ]
              }
            ],
            "node_locations": [
              "europe-west2-a",
              "europe-west2-b"
            ],
            "node_pool": [
              {
                "autoscaling": [
                  {
                    "max_node_count": 1000,
                    "min_node_count": 0
                  }
                ],
                "initial_node_count": 1,
                "instance_group_urls": [],
                "management": [
                  {
                    "auto_repair": true,
                    "auto_upgrade": true
                  }
                ],
                "max_pods_per_node": 32,
                "name": "default-pool",
                "name_prefix": "",
                "node_config": [
                  {
                    "disk_size_gb": 100,
                    "disk_type": "pd-standard",
                    "guest_accelerator": [],
                    "image_type": "COS_CONTAINERD",
                    "labels": {},
                    "local_ssd_count": 0,
                    "machine_type": "e2-medium",
                    "metadata": {
                      "disable-legacy-endpoints": "true"
                    },
                    "min_cpu_platform": "",
                    "oauth_scopes": [
                      "https://www.googleapis.com/auth/devstorage.read_only",
                      "https://www.googleapis.com/auth/logging.write",
                      "https://www.googleapis.com/auth/monitoring",
                      "https://www.googleapis.com/auth/service.management.readonly",
                      "https://www.googleapis.com/auth/servicecontrol",
                      "https://www.googleapis.com/auth/trace.append"
                    ],
                    "preemptible": false,
                    "service_account": "default",
                    "shielded_instance_config": [
                      {
                        "enable_integrity_monitoring": true,
                        "enable_secure_boot": true
                      }
                    ],
                    "tags": [],
                    "taint": [],
                    "workload_metadata_config": [
                      {
                        "node_metadata": "GKE_METADATA_SERVER"
                      }
                    ]
                  }
                ],
                "node_count": 0,
                "node_locations": [
                  "europe-west2-a",
                  "europe-west2-b"
                ],
                "upgrade_settings": [
                  {
                    "max_surge": 1,
                    "max_unavailable": 0
                  }
                ],
                "version": "1.21.12-gke.2200"
              }
            ],
            "node_version": "1.21.12-gke.2200",
            "operation": null,
            "pod_security_policy_config": [],
            "private_cluster_config": [],
            "private_ipv6_google_access": "",
            "project": "pras-1213",
            "release_channel": [
              {
                "channel": "STABLE"
              }
            ],
            "remove_default_node_pool": null,
            "resource_labels": null,
            "resource_usage_export_config": [],
            "self_link": "https://container.googleapis.com/v1beta1/projects/pras-1213/locations/europe-west2/clusters/pras-1213-sec-cluster",
            "services_ipv4_cidr": "10.127.128.0/22",
            "subnetwork": "projects/pras-1213/regions/europe-west2/subnetworks/pras-1213-sec-subnet",
            "timeouts": null,
            "tpu_ipv4_cidr_block": "",
            "vertical_pod_autoscaling": [
              {
                "enabled": true
              }
            ],
            "workload_identity_config": [
              {
                "identity_namespace": "pras-1213.svc.id.goog"
              }
            ]
          },
          "sensitive_attributes": [],
          "private": "eyJlMmJmYjczMC1lY2FhLTExZTYtOGY4OC0zNDM2M2JjN2M0YzAiOnsiY3JlYXRlIjoyNDAwMDAwMDAwMDAwLCJkZWxldGUiOjI0MDAwMDAwMDAwMDAsInJlYWQiOjI0MDAwMDAwMDAwMDAsInVwZGF0ZSI6MzYwMDAwMDAwMDAwMH0sInNjaGVtYV92ZXJzaW9uIjoiMSJ9"
        }
      ]
    }
  ]
}
