{
  "version": 4,
  "terraform_version": "1.2.6",
  "serial": 3,
  "lineage": "ee12c4e9-abc5-39a7-9629-75a13580e4a5",
  "outputs": {
    "clustername": {
      "value": "pras-1213-cluster-1",
      "type": "string"
    },
    "nodepoolname": {
      "value": "pras-1213-np-1",
      "type": "string"
    }
  },
  "resources": [
    {
      "mode": "managed",
      "type": "google_container_cluster",
      "name": "cluster-1",
      "provider": "provider[\"registry.terraform.io/hashicorp/google\"]",
      "instances": [
        {
          "schema_version": 1,
          "attributes": {
            "addons_config": [
              {
                "cloudrun_config": [],
                "dns_cache_config": [],
                "gce_persistent_disk_csi_driver_config": [
                  {
                    "enabled": true
                  }
                ],
                "gcp_filestore_csi_driver_config": [],
                "horizontal_pod_autoscaling": [],
                "http_load_balancing": [],
                "network_policy_config": [
                  {
                    "disabled": true
                  }
                ]
              }
            ],
            "authenticator_groups_config": [],
            "binary_authorization": [
              {
                "enabled": false,
                "evaluation_mode": ""
              }
            ],
            "cluster_autoscaling": [
              {
                "auto_provisioning_defaults": [],
                "enabled": false,
                "resource_limits": []
              }
            ],
            "cluster_ipv4_cidr": "10.12.0.0/14",
            "confidential_nodes": [],
            "database_encryption": [
              {
                "key_name": "",
                "state": "DECRYPTED"
              }
            ],
            "datapath_provider": "",
            "default_max_pods_per_node": null,
            "default_snat_status": [
              {
                "disabled": false
              }
            ],
            "description": "",
            "dns_config": [],
            "enable_autopilot": false,
            "enable_binary_authorization": false,
            "enable_intranode_visibility": false,
            "enable_kubernetes_alpha": false,
            "enable_legacy_abac": false,
            "enable_shielded_nodes": true,
            "enable_tpu": false,
            "endpoint": "34.93.209.147",
            "id": "projects/pras-1213/locations/asia-south1-a/clusters/pras-1213-cluster-1",
            "initial_node_count": 1,
            "ip_allocation_policy": [],
            "label_fingerprint": "a9dc16a7",
            "location": "asia-south1-a",
            "logging_config": [
              {
                "enable_components": [
                  "SYSTEM_COMPONENTS",
                  "WORKLOADS"
                ]
              }
            ],
            "logging_service": "logging.googleapis.com/kubernetes",
            "maintenance_policy": [],
            "master_auth": [
              {
                "client_certificate": "",
                "client_certificate_config": [
                  {
                    "issue_client_certificate": false
                  }
                ],
                "client_key": "",
                "cluster_ca_certificate": "LS0tLS1CRUdJTiBDRVJUSUZJQ0FURS0tLS0tCk1JSUVMRENDQXBTZ0F3SUJBZ0lRQkxDVkFUckR3MWV0TG5xaTYvUWx4ekFOQmdrcWhraUc5dzBCQVFzRkFEQXYKTVMwd0t3WURWUVFERXlRM05UWTBNamN5TnkwNE1XUXlMVFJsWWpBdFlXUXdOQzB3TkdVd1pHSTBOamxtTUdJdwpJQmNOTWpJd09ESTNNVE0xTWpNNVdoZ1BNakExTWpBNE1Ua3hORFV5TXpsYU1DOHhMVEFyQmdOVkJBTVRKRGMxCk5qUXlOekkzTFRneFpESXROR1ZpTUMxaFpEQTBMVEEwWlRCa1lqUTJPV1l3WWpDQ0FhSXdEUVlKS29aSWh2Y04KQVFFQkJRQURnZ0dQQURDQ0FZb0NnZ0dCQU1mU3VEcGVMWkpZUXNaaEd0bVA5U241QkdPSllvakYwMkhOV2xiQQpuaGQxK25WcFd4Qm9yU1hlc3YySlJ4SndRWmsvcG85dDR0UzREd2R5Ynh5bWFrWG9nRFJUS0QxaGZ0SUJuTlg1ClYxOTlaRDIvS2o4TGp0NjN4dXhWWVJRbGdSRjRBeVJUM1VlVENBdFV3ZGw1ZEpqRlNldFZ3MUpkYXpkM3daK1oKZUt6eDJKWWZXRVFRM0t2Q0ZITHhxRWZaWGZvVm5IenlKRHYrektpcUR0UnhzS0RtVGJzaXRmcVdQcSt3Y29JRwpxQ1ltdlFFekw3eGROekVWTUNpNGxNeXB6ZEl5VlRXWS9TYmdUWlBONkxNMmFwenVsMVJsemtVZFlKWkFTZCtLCmlNMlgyczhIekw4U1ZvbEdTenY3YzdOOVJ6c1BzWXEzQkdGOU9XSGNYaUdGYmpEckg0V2ZZRHBaYjdYMTJzMjQKOHpmMEVSMUpYZVZtNUVBWVdXaWwxZi9oUU5KTkRkNmoxYWQ1YlZpWW94ZEJxYzNMMXJsK2gyNVpiNE9uU1ZtQgp2KzdDaG1STEFXYnJlUUw1RWN0ZjBFdURnUXZEZWNOZUR4T0tzTnJHdTJzSE05NDNEWWZnQUpmK256ZVZTVlp2ClQyOTJCelp3dXBvUVlHUWRKNVplQkYwSlhRSURBUUFCbzBJd1FEQU9CZ05WSFE4QkFmOEVCQU1DQWdRd0R3WUQKVlIwVEFRSC9CQVV3QXdFQi96QWRCZ05WSFE0RUZnUVUvcHBRZmduNzBzTExUbzRTQjc1emhrRHZQZEF3RFFZSgpLb1pJaHZjTkFRRUxCUUFEZ2dHQkFFWHZSejRiV3gyclV4UlpJZnNFMnIrTk5HRzlSaFJYNE8veDFZbmVaalRVCmdtM2l6U2xIby9vbWtTZTFUOHNVSVpMSFg2b2JSVjhIMmRWb1BuditkMHR3NVNYQXpFNVliOUh0clRpeW15NEsKeDJkTk5YYjNpdDlLNHJSbjE3TDhoeEttRFRFRFZVbTdocmZPQlN6MWp2Sm1nVHNHVmw1L1VxZWdKZVFDVGN4VwpZa1Z3dEp5S28wVDUyTFhQNlp5T0tHbXVsM2pVVDZiTkNtTTRYK3hYazVrNVFRTXExS2p2eTM4cHM5YWFjd2xpCkU4T3Z4QnI4TnQ5T1NUQXVCV0lrdkdhOHdSWHdHRksvSjNlT2JzT3pveUtSTnoyTXlJR1dDaEg1a0tObjgvNjQKS3hvdTFpVEU0Si9aNW5qK09iZm9lQ3AzZzdDZlJPaEZUUmJQdCtMVVNBTUxtVXB1MnpGZVozRnlpQVU3RWVvRAppeGErcUxlUFdMd3dGcldpVWd2Uy93TjVYd0VIQ2ZYRURreVBzc2NHYzExQjRYWnFTcC83aDJOcnliRFJ4Q1JTCmtFanNzdGs4ZWtzZU8xRkdYN0JXUjBTUEFkMVhKTit5dG01dWMwVXNkKzlmYmUvbit2Y20wTVZtZDYxZk1WcEsKajJjN2orRjNFR1IrZWMvN05PYVBzdz09Ci0tLS0tRU5EIENFUlRJRklDQVRFLS0tLS0K"
              }
            ],
            "master_authorized_networks_config": [],
            "master_version": "1.22.11-gke.400",
            "mesh_certificates": [],
            "min_master_version": null,
            "monitoring_config": [
              {
                "enable_components": [
                  "SYSTEM_COMPONENTS"
                ]
              }
            ],
            "monitoring_service": "monitoring.googleapis.com/kubernetes",
            "name": "pras-1213-cluster-1",
            "network": "projects/pras-1213/global/networks/default",
            "network_policy": [
              {
                "enabled": false,
                "provider": "PROVIDER_UNSPECIFIED"
              }
            ],
            "networking_mode": "ROUTES",
            "node_config": [],
            "node_locations": [],
            "node_pool": [],
            "node_version": "1.22.11-gke.400",
            "notification_config": [
              {
                "pubsub": [
                  {
                    "enabled": false,
                    "topic": ""
                  }
                ]
              }
            ],
            "operation": null,
            "private_cluster_config": [],
            "private_ipv6_google_access": "",
            "project": "pras-1213",
            "release_channel": [
              {
                "channel": "REGULAR"
              }
            ],
            "remove_default_node_pool": true,
            "resource_labels": null,
            "resource_usage_export_config": [],
            "self_link": "https://container.googleapis.com/v1/projects/pras-1213/zones/asia-south1-a/clusters/pras-1213-cluster-1",
            "services_ipv4_cidr": "10.15.240.0/20",
            "subnetwork": "projects/pras-1213/regions/asia-south1/subnetworks/default",
            "timeouts": null,
            "tpu_ipv4_cidr_block": "",
            "vertical_pod_autoscaling": [],
            "workload_identity_config": []
          },
          "sensitive_attributes": [],
          "private": "eyJlMmJmYjczMC1lY2FhLTExZTYtOGY4OC0zNDM2M2JjN2M0YzAiOnsiY3JlYXRlIjoyNDAwMDAwMDAwMDAwLCJkZWxldGUiOjI0MDAwMDAwMDAwMDAsInJlYWQiOjI0MDAwMDAwMDAwMDAsInVwZGF0ZSI6MzYwMDAwMDAwMDAwMH0sInNjaGVtYV92ZXJzaW9uIjoiMSJ9"
        }
      ]
    },
    {
      "mode": "managed",
      "type": "google_container_node_pool",
      "name": "np-1",
      "provider": "provider[\"registry.terraform.io/hashicorp/google\"]",
      "instances": [
        {
          "schema_version": 1,
          "attributes": {
            "autoscaling": [
              {
                "max_node_count": 3,
                "min_node_count": 2
              }
            ],
            "cluster": "pras-1213-cluster-1",
            "id": "projects/pras-1213/locations/asia-south1-a/clusters/pras-1213-cluster-1/nodePools/pras-1213-np-1",
            "initial_node_count": 2,
            "instance_group_urls": [
              "https://www.googleapis.com/compute/v1/projects/pras-1213/zones/asia-south1-a/instanceGroupManagers/gke-pras-1213-cluster--pras-1213-np-1-e1c34a0e-grp"
            ],
            "location": "asia-south1-a",
            "managed_instance_group_urls": [
              "https://www.googleapis.com/compute/v1/projects/pras-1213/zones/asia-south1-a/instanceGroups/gke-pras-1213-cluster--pras-1213-np-1-e1c34a0e-grp"
            ],
            "management": [
              {
                "auto_repair": true,
                "auto_upgrade": true
              }
            ],
            "max_pods_per_node": null,
            "name": "pras-1213-np-1",
            "name_prefix": "",
            "node_config": [
              {
                "boot_disk_kms_key": "",
                "disk_size_gb": 100,
                "disk_type": "pd-standard",
                "gcfs_config": [],
                "guest_accelerator": [],
                "gvnic": [],
                "image_type": "COS_CONTAINERD",
                "labels": {},
                "local_ssd_count": 0,
                "machine_type": "e2-medium",
                "metadata": {
                  "disable-legacy-endpoints": "true"
                },
                "min_cpu_platform": "",
                "node_group": "",
                "oauth_scopes": [
                  "https://www.googleapis.com/auth/logging.write",
                  "https://www.googleapis.com/auth/monitoring"
                ],
                "preemptible": true,
                "service_account": "default",
                "shielded_instance_config": [
                  {
                    "enable_integrity_monitoring": true,
                    "enable_secure_boot": false
                  }
                ],
                "spot": false,
                "tags": null,
                "taint": [],
                "workload_metadata_config": []
              }
            ],
            "node_count": 2,
            "node_locations": [
              "asia-south1-a"
            ],
            "operation": null,
            "project": "pras-1213",
            "timeouts": null,
            "upgrade_settings": [
              {
                "max_surge": 1,
                "max_unavailable": 0
              }
            ],
            "version": "1.22.11-gke.400"
          },
          "sensitive_attributes": [],
          "private": "eyJlMmJmYjczMC1lY2FhLTExZTYtOGY4OC0zNDM2M2JjN2M0YzAiOnsiY3JlYXRlIjoxODAwMDAwMDAwMDAwLCJkZWxldGUiOjE4MDAwMDAwMDAwMDAsInVwZGF0ZSI6MTgwMDAwMDAwMDAwMH0sInNjaGVtYV92ZXJzaW9uIjoiMSJ9",
          "dependencies": [
            "google_container_cluster.cluster-1"
          ]
        }
      ]
    }
  ]
}
